
Microsoft Visual Studio Solution File, Format Version 12.00
# Visual Studio Version 17
VisualStudioVersion = 17.5.33502.453
MinimumVisualStudioVersion = 10.0.40219.1
Project("{FAE04EC0-301F-11D3-BF4B-00C04F79EFBC}") = "NearestSmaller", "ConsoleApp5\NearestSmaller.csproj", "{DD1F10C4-160F-4C79-9810-2F016CBA969D}"
EndProject
Global
	GlobalSection(SolutionConfigurationPlatforms) = preSolution
		Debug|Any CPU = Debug|Any CPU
		Release|Any CPU = Release|Any CPU
	EndGlobalSection
	GlobalSection(ProjectConfigurationPlatforms) = postSolution
		{DD1F10C4-160F-4C79-9810-2F016CBA969D}.Debug|Any CPU.ActiveCfg = Debug|Any CPU
		{DD1F10C4-160F-4C79-9810-2F016CBA969D}.Debug|Any CPU.Build.0 = Debug|Any CPU
		{DD1F10C4-160F-4C79-9810-2F016CBA969D}.Release|Any CPU.ActiveCfg = Release|Any CPU
		{DD1F10C4-160F-4C79-9810-2F016CBA969D}.Release|Any CPU.Build.0 = Release|Any CPU
	EndGlobalSection
	GlobalSection(SolutionProperties) = preSolution
		HideSolutionNode = FALSE
	EndGlobalSection
	GlobalSection(ExtensibilityGlobals) = postSolution
		SolutionGuid = {EA24E7F1-F5C7-41CF-8CD6-00286149BD81}
	EndGlobalSection
EndGlobal
